# This is a Gradle generated file for dependency locking.
# Manual edits can break the build and are not advised.
# This file is expected to be part of source control.
com.amazonaws:aws-java-sdk-core:1.11.523
com.amazonaws:aws-java-sdk-kms:1.11.523
com.amazonaws:aws-java-sdk-s3:1.11.523
com.amazonaws:aws-java-sdk-sts:1.11.523
com.amazonaws:jmespath-java:1.11.523
com.fasterxml.jackson.dataformat:jackson-dataformat-cbor:2.6.7
commons-codec:commons-codec:1.10
commons-logging:commons-logging:1.2
org.apache.httpcomponents:httpclient:4.5.5
org.apache.httpcomponents:httpcore:4.4.9
org.embulk.input.s3:embulk-util-aws-credentials:0.3.5
org.postgresql:postgresql:9.4-1205-jdbc41
org.slf4j:jcl-over-slf4j:1.7.12
software.amazon.ion:ion-java:1.0.2
